
Microsoft Visual Studio Solution File, Format Version 12.00
# Visual Studio Version 17
VisualStudioVersion = 17.14.36705.20 d17.14
MinimumVisualStudioVersion = 10.0.40219.1
Project("{FAE04EC0-301F-11D3-BF4B-00C04F79EFBC}") = "ManejadorPresupuesto", "ManejadorPresupuesto\ManejadorPresupuesto.csproj", "{A2A719E6-B669-40B7-A443-735471B26FD7}"
EndProject
Global
	GlobalSection(SolutionConfigurationPlatforms) = preSolution
		Debug|Any CPU = Debug|Any CPU
		Release|Any CPU = Release|Any CPU
	EndGlobalSection
	GlobalSection(ProjectConfigurationPlatforms) = postSolution
		{A2A719E6-B669-40B7-A443-735471B26FD7}.Debug|Any CPU.ActiveCfg = Debug|Any CPU
		{A2A719E6-B669-40B7-A443-735471B26FD7}.Debug|Any CPU.Build.0 = Debug|Any CPU
		{A2A719E6-B669-40B7-A443-735471B26FD7}.Release|Any CPU.ActiveCfg = Release|Any CPU
		{A2A719E6-B669-40B7-A443-735471B26FD7}.Release|Any CPU.Build.0 = Release|Any CPU
	EndGlobalSection
	GlobalSection(SolutionProperties) = preSolution
		HideSolutionNode = FALSE
	EndGlobalSection
	GlobalSection(ExtensibilityGlobals) = postSolution
		SolutionGuid = {4C0910E9-377E-4D10-812F-FD22924E1C68}
	EndGlobalSection
EndGlobal
